
Microsoft Visual Studio Solution File, Format Version 12.00
# Visual Studio Version 17
VisualStudioVersion = 17.3.32901.215
MinimumVisualStudioVersion = 10.0.40219.1
Project("{FAE04EC0-301F-11D3-BF4B-00C04F79EFBC}") = "donanımbilgisi", "donanımbilgisi\donanımbilgisi.csproj", "{8691FE33-7D39-4639-8039-DA00F4A47DAB}"
EndProject
Global
	GlobalSection(SolutionConfigurationPlatforms) = preSolution
		Debug|Any CPU = Debug|Any CPU
		Release|Any CPU = Release|Any CPU
	EndGlobalSection
	GlobalSection(ProjectConfigurationPlatforms) = postSolution
		{8691FE33-7D39-4639-8039-DA00F4A47DAB}.Debug|Any CPU.ActiveCfg = Debug|Any CPU
		{8691FE33-7D39-4639-8039-DA00F4A47DAB}.Debug|Any CPU.Build.0 = Debug|Any CPU
		{8691FE33-7D39-4639-8039-DA00F4A47DAB}.Release|Any CPU.ActiveCfg = Release|Any CPU
		{8691FE33-7D39-4639-8039-DA00F4A47DAB}.Release|Any CPU.Build.0 = Release|Any CPU
	EndGlobalSection
	GlobalSection(SolutionProperties) = preSolution
		HideSolutionNode = FALSE
	EndGlobalSection
	GlobalSection(ExtensibilityGlobals) = postSolution
		SolutionGuid = {E26CF3BD-BBCA-4D90-B19D-AC6941909702}
	EndGlobalSection
EndGlobal
